
Microsoft Visual Studio Solution File, Format Version 12.00
# Visual Studio Version 17
VisualStudioVersion = 17.2.32630.192
MinimumVisualStudioVersion = 10.0.40219.1
Project("{FAE04EC0-301F-11D3-BF4B-00C04F79EFBC}") = "ProjBancoMorangao", "ProjBancoMorangao\ProjBancoMorangao.csproj", "{491B0663-6419-4304-BA2C-F11AD6B01F54}"
EndProject
Global
	GlobalSection(SolutionConfigurationPlatforms) = preSolution
		Debug|Any CPU = Debug|Any CPU
		Release|Any CPU = Release|Any CPU
	EndGlobalSection
	GlobalSection(ProjectConfigurationPlatforms) = postSolution
		{491B0663-6419-4304-BA2C-F11AD6B01F54}.Debug|Any CPU.ActiveCfg = Debug|Any CPU
		{491B0663-6419-4304-BA2C-F11AD6B01F54}.Debug|Any CPU.Build.0 = Debug|Any CPU
		{491B0663-6419-4304-BA2C-F11AD6B01F54}.Release|Any CPU.ActiveCfg = Release|Any CPU
		{491B0663-6419-4304-BA2C-F11AD6B01F54}.Release|Any CPU.Build.0 = Release|Any CPU
	EndGlobalSection
	GlobalSection(SolutionProperties) = preSolution
		HideSolutionNode = FALSE
	EndGlobalSection
	GlobalSection(ExtensibilityGlobals) = postSolution
		SolutionGuid = {C41BDBD1-DA48-462E-88ED-F81605CF4FA5}
	EndGlobalSection
EndGlobal
